// !$*UTF8*$!
{
	archiveVersion = 1;
	classes = {
	};
	objectVersion = 56;
	objects = {

/* Begin PBXBuildFile section */
		D0261E9D29EEA101004DA46D /* PhotoCell.swift in Sources */ = {isa = PBXBuildFile; fileRef = D0261E9C29EEA101004DA46D /* PhotoCell.swift */; };
		D0261EA029EEB215004DA46D /* SDWebImage in Frameworks */ = {isa = PBXBuildFile; productRef = D0261E9F29EEB215004DA46D /* SDWebImage */; };
		D0B47A0329E6A40A002342BE /* AppDelegate.swift in Sources */ = {isa = PBXBuildFile; fileRef = D0B47A0229E6A40A002342BE /* AppDelegate.swift */; };
		D0B47A0529E6A40A002342BE /* SceneDelegate.swift in Sources */ = {isa = PBXBuildFile; fileRef = D0B47A0429E6A40A002342BE /* SceneDelegate.swift */; };
		D0B47A0729E6A40A002342BE /* GalleryViewController.swift in Sources */ = {isa = PBXBuildFile; fileRef = D0B47A0629E6A40A002342BE /* GalleryViewController.swift */; };
		D0B47A0C29E6A40D002342BE /* Assets.xcassets in Resources */ = {isa = PBXBuildFile; fileRef = D0B47A0B29E6A40D002342BE /* Assets.xcassets */; };
		D0B47A0F29E6A40D002342BE /* LaunchScreen.storyboard in Resources */ = {isa = PBXBuildFile; fileRef = D0B47A0D29E6A40D002342BE /* LaunchScreen.storyboard */; };
		D0B47A1B29E6A67D002342BE /* FavoritesViewController.swift in Sources */ = {isa = PBXBuildFile; fileRef = D0B47A1A29E6A67D002342BE /* FavoritesViewController.swift */; };
		D0B47A1F29E6BB52002342BE /* MainTabBarControllerMainTabBarController.swift in Sources */ = {isa = PBXBuildFile; fileRef = D0B47A1E29E6BB52002342BE /* MainTabBarControllerMainTabBarController.swift */; };
		D0B47A2329E6D8CD002342BE /* DetailViewController.swift in Sources */ = {isa = PBXBuildFile; fileRef = D0B47A2229E6D8CD002342BE /* DetailViewController.swift */; };
		D0B47A2629E6E3F2002342BE /* NetworkService.swift in Sources */ = {isa = PBXBuildFile; fileRef = D0B47A2529E6E3F2002342BE /* NetworkService.swift */; };
		D0B47A2829E810CD002342BE /* Constants.swift in Sources */ = {isa = PBXBuildFile; fileRef = D0B47A2729E810CD002342BE /* Constants.swift */; };
		D0B47A2C29E82A99002342BE /* NetworkDataFetcher.swift in Sources */ = {isa = PBXBuildFile; fileRef = D0B47A2B29E82A99002342BE /* NetworkDataFetcher.swift */; };
		D0B47A2E29E82B0E002342BE /* SearchResults.swift in Sources */ = {isa = PBXBuildFile; fileRef = D0B47A2D29E82B0E002342BE /* SearchResults.swift */; };
/* End PBXBuildFile section */

/* Begin PBXFileReference section */
		D0261E9C29EEA101004DA46D /* PhotoCell.swift */ = {isa = PBXFileReference; lastKnownFileType = sourcecode.swift; path = PhotoCell.swift; sourceTree = "<group>"; };
		D0B479FF29E6A40A002342BE /* PhotosLibraryApp.app */ = {isa = PBXFileReference; explicitFileType = wrapper.application; includeInIndex = 0; path = PhotosLibraryApp.app; sourceTree = BUILT_PRODUCTS_DIR; };
		D0B47A0229E6A40A002342BE /* AppDelegate.swift */ = {isa = PBXFileReference; lastKnownFileType = sourcecode.swift; path = AppDelegate.swift; sourceTree = "<group>"; };
		D0B47A0429E6A40A002342BE /* SceneDelegate.swift */ = {isa = PBXFileReference; lastKnownFileType = sourcecode.swift; path = SceneDelegate.swift; sourceTree = "<group>"; };
		D0B47A0629E6A40A002342BE /* GalleryViewController.swift */ = {isa = PBXFileReference; lastKnownFileType = sourcecode.swift; path = GalleryViewController.swift; sourceTree = "<group>"; };
		D0B47A0B29E6A40D002342BE /* Assets.xcassets */ = {isa = PBXFileReference; lastKnownFileType = folder.assetcatalog; path = Assets.xcassets; sourceTree = "<group>"; };
		D0B47A0E29E6A40D002342BE /* Base */ = {isa = PBXFileReference; lastKnownFileType = file.storyboard; name = Base; path = Base.lproj/LaunchScreen.storyboard; sourceTree = "<group>"; };
		D0B47A1029E6A40D002342BE /* Info.plist */ = {isa = PBXFileReference; lastKnownFileType = text.plist.xml; path = Info.plist; sourceTree = "<group>"; };
		D0B47A1A29E6A67D002342BE /* FavoritesViewController.swift */ = {isa = PBXFileReference; lastKnownFileType = sourcecode.swift; path = FavoritesViewController.swift; sourceTree = "<group>"; };
		D0B47A1E29E6BB52002342BE /* MainTabBarControllerMainTabBarController.swift */ = {isa = PBXFileReference; fileEncoding = 4; lastKnownFileType = sourcecode.swift; path = MainTabBarControllerMainTabBarController.swift; sourceTree = "<group>"; };
		D0B47A2229E6D8CD002342BE /* DetailViewController.swift */ = {isa = PBXFileReference; lastKnownFileType = sourcecode.swift; path = DetailViewController.swift; sourceTree = "<group>"; };
		D0B47A2529E6E3F2002342BE /* NetworkService.swift */ = {isa = PBXFileReference; lastKnownFileType = sourcecode.swift; path = NetworkService.swift; sourceTree = "<group>"; };
		D0B47A2729E810CD002342BE /* Constants.swift */ = {isa = PBXFileReference; lastKnownFileType = sourcecode.swift; path = Constants.swift; sourceTree = "<group>"; };
		D0B47A2B29E82A99002342BE /* NetworkDataFetcher.swift */ = {isa = PBXFileReference; lastKnownFileType = sourcecode.swift; path = NetworkDataFetcher.swift; sourceTree = "<group>"; };
		D0B47A2D29E82B0E002342BE /* SearchResults.swift */ = {isa = PBXFileReference; lastKnownFileType = sourcecode.swift; path = SearchResults.swift; sourceTree = "<group>"; };
/* End PBXFileReference section */

/* Begin PBXFrameworksBuildPhase section */
		D0B479FC29E6A40A002342BE /* Frameworks */ = {
			isa = PBXFrameworksBuildPhase;
			buildActionMask = 2147483647;
			files = (
				D0261EA029EEB215004DA46D /* SDWebImage in Frameworks */,
			);
			runOnlyForDeploymentPostprocessing = 0;
		};
/* End PBXFrameworksBuildPhase section */

/* Begin PBXGroup section */
		D0B479F629E6A409002342BE = {
			isa = PBXGroup;
			children = (
				D0B47A0129E6A40A002342BE /* PhotosLibraryApp */,
				D0B47A0029E6A40A002342BE /* Products */,
			);
			sourceTree = "<group>";
		};
		D0B47A0029E6A40A002342BE /* Products */ = {
			isa = PBXGroup;
			children = (
				D0B479FF29E6A40A002342BE /* PhotosLibraryApp.app */,
			);
			name = Products;
			sourceTree = "<group>";
		};
		D0B47A0129E6A40A002342BE /* PhotosLibraryApp */ = {
			isa = PBXGroup;
			children = (
				D0B47A2029E6BB62002342BE /* Application */,
				D0B47A1629E6A493002342BE /* SupportingFiles */,
				D0B47A1729E6A515002342BE /* Modules */,
				D0B47A2429E6E3A5002342BE /* NetworkLayer */,
			);
			path = PhotosLibraryApp;
			sourceTree = "<group>";
		};
		D0B47A1629E6A493002342BE /* SupportingFiles */ = {
			isa = PBXGroup;
			children = (
				D0B47A0B29E6A40D002342BE /* Assets.xcassets */,
				D0B47A0D29E6A40D002342BE /* LaunchScreen.storyboard */,
				D0B47A1029E6A40D002342BE /* Info.plist */,
				D0B47A2729E810CD002342BE /* Constants.swift */,
			);
			path = SupportingFiles;
			sourceTree = "<group>";
		};
		D0B47A1729E6A515002342BE /* Modules */ = {
			isa = PBXGroup;
			children = (
				D0B47A1E29E6BB52002342BE /* MainTabBarControllerMainTabBarController.swift */,
				D0B47A1829E6A540002342BE /* GalleryModule */,
				D0B47A1929E6A63E002342BE /* FavoritesModule */,
				D0B47A2129E6D8AF002342BE /* DetailModule */,
			);
			path = Modules;
			sourceTree = "<group>";
		};
		D0B47A1829E6A540002342BE /* GalleryModule */ = {
			isa = PBXGroup;
			children = (
				D0B47A0629E6A40A002342BE /* GalleryViewController.swift */,
				D0B47A2D29E82B0E002342BE /* SearchResults.swift */,
				D0261E9C29EEA101004DA46D /* PhotoCell.swift */,
			);
			path = GalleryModule;
			sourceTree = "<group>";
		};
		D0B47A1929E6A63E002342BE /* FavoritesModule */ = {
			isa = PBXGroup;
			children = (
				D0B47A1A29E6A67D002342BE /* FavoritesViewController.swift */,
			);
			path = FavoritesModule;
			sourceTree = "<group>";
		};
		D0B47A2029E6BB62002342BE /* Application */ = {
			isa = PBXGroup;
			children = (
				D0B47A0229E6A40A002342BE /* AppDelegate.swift */,
				D0B47A0429E6A40A002342BE /* SceneDelegate.swift */,
			);
			path = Application;
			sourceTree = "<group>";
		};
		D0B47A2129E6D8AF002342BE /* DetailModule */ = {
			isa = PBXGroup;
			children = (
				D0B47A2229E6D8CD002342BE /* DetailViewController.swift */,
			);
			path = DetailModule;
			sourceTree = "<group>";
		};
		D0B47A2429E6E3A5002342BE /* NetworkLayer */ = {
			isa = PBXGroup;
			children = (
				D0B47A2529E6E3F2002342BE /* NetworkService.swift */,
				D0B47A2B29E82A99002342BE /* NetworkDataFetcher.swift */,
			);
			path = NetworkLayer;
			sourceTree = "<group>";
		};
/* End PBXGroup section */

/* Begin PBXNativeTarget section */
		D0B479FE29E6A40A002342BE /* PhotosLibraryApp */ = {
			isa = PBXNativeTarget;
			buildConfigurationList = D0B47A1329E6A40D002342BE /* Build configuration list for PBXNativeTarget "PhotosLibraryApp" */;
			buildPhases = (
				D0B479FB29E6A40A002342BE /* Sources */,
				D0B479FC29E6A40A002342BE /* Frameworks */,
				D0B479FD29E6A40A002342BE /* Resources */,
			);
			buildRules = (
			);
			dependencies = (
			);
			name = PhotosLibraryApp;
			packageProductDependencies = (
				D0261E9F29EEB215004DA46D /* SDWebImage */,
			);
			productName = PhotosLibraryApp;
			productReference = D0B479FF29E6A40A002342BE /* PhotosLibraryApp.app */;
			productType = "com.apple.product-type.application";
		};
/* End PBXNativeTarget section */

/* Begin PBXProject section */
		D0B479F729E6A409002342BE /* Project object */ = {
			isa = PBXProject;
			attributes = {
				BuildIndependentTargetsInParallel = 1;
				LastSwiftUpdateCheck = 1400;
				LastUpgradeCheck = 1400;
				TargetAttributes = {
					D0B479FE29E6A40A002342BE = {
						CreatedOnToolsVersion = 14.0.1;
					};
				};
			};
			buildConfigurationList = D0B479FA29E6A409002342BE /* Build configuration list for PBXProject "PhotosLibraryApp" */;
			compatibilityVersion = "Xcode 14.0";
			developmentRegion = en;
			hasScannedForEncodings = 0;
			knownRegions = (
				en,
				Base,
			);
			mainGroup = D0B479F629E6A409002342BE;
			packageReferences = (
				D0261E9E29EEB215004DA46D /* XCRemoteSwiftPackageReference "SDWebImage" */,
			);
			productRefGroup = D0B47A0029E6A40A002342BE /* Products */;
			projectDirPath = "";
			projectRoot = "";
			targets = (
				D0B479FE29E6A40A002342BE /* PhotosLibraryApp */,
			);
		};
/* End PBXProject section */

/* Begin PBXResourcesBuildPhase section */
		D0B479FD29E6A40A002342BE /* Resources */ = {
			isa = PBXResourcesBuildPhase;
			buildActionMask = 2147483647;
			files = (
				D0B47A0F29E6A40D002342BE /* LaunchScreen.storyboard in Resources */,
				D0B47A0C29E6A40D002342BE /* Assets.xcassets in Resources */,
			);
			runOnlyForDeploymentPostprocessing = 0;
		};
/* End PBXResourcesBuildPhase section */

/* Begin PBXSourcesBuildPhase section */
		D0B479FB29E6A40A002342BE /* Sources */ = {
			isa = PBXSourcesBuildPhase;
			buildActionMask = 2147483647;
			files = (
				D0B47A0729E6A40A002342BE /* GalleryViewController.swift in Sources */,
				D0B47A0329E6A40A002342BE /* AppDelegate.swift in Sources */,
				D0B47A2E29E82B0E002342BE /* SearchResults.swift in Sources */,
				D0B47A1B29E6A67D002342BE /* FavoritesViewController.swift in Sources */,
				D0B47A2329E6D8CD002342BE /* DetailViewController.swift in Sources */,
				D0B47A0529E6A40A002342BE /* SceneDelegate.swift in Sources */,
				D0B47A1F29E6BB52002342BE /* MainTabBarControllerMainTabBarController.swift in Sources */,
				D0B47A2C29E82A99002342BE /* NetworkDataFetcher.swift in Sources */,
				D0B47A2629E6E3F2002342BE /* NetworkService.swift in Sources */,
				D0261E9D29EEA101004DA46D /* PhotoCell.swift in Sources */,
				D0B47A2829E810CD002342BE /* Constants.swift in Sources */,
			);
			runOnlyForDeploymentPostprocessing = 0;
		};
/* End PBXSourcesBuildPhase section */

/* Begin PBXVariantGroup section */
		D0B47A0D29E6A40D002342BE /* LaunchScreen.storyboard */ = {
			isa = PBXVariantGroup;
			children = (
				D0B47A0E29E6A40D002342BE /* Base */,
			);
			name = LaunchScreen.storyboard;
			sourceTree = "<group>";
		};
/* End PBXVariantGroup section */

/* Begin XCBuildConfiguration section */
		D0B47A1129E6A40D002342BE /* Debug */ = {
			isa = XCBuildConfiguration;
			buildSettings = {
				ALWAYS_SEARCH_USER_PATHS = NO;
				CLANG_ANALYZER_NONNULL = YES;
				CLANG_ANALYZER_NUMBER_OBJECT_CONVERSION = YES_AGGRESSIVE;
				CLANG_CXX_LANGUAGE_STANDARD = "gnu++20";
				CLANG_ENABLE_MODULES = YES;
				CLANG_ENABLE_OBJC_ARC = YES;
				CLANG_ENABLE_OBJC_WEAK = YES;
				CLANG_WARN_BLOCK_CAPTURE_AUTORELEASING = YES;
				CLANG_WARN_BOOL_CONVERSION = YES;
				CLANG_WARN_COMMA = YES;
				CLANG_WARN_CONSTANT_CONVERSION = YES;
				CLANG_WARN_DEPRECATED_OBJC_IMPLEMENTATIONS = YES;
				CLANG_WARN_DIRECT_OBJC_ISA_USAGE = YES_ERROR;
				CLANG_WARN_DOCUMENTATION_COMMENTS = YES;
				CLANG_WARN_EMPTY_BODY = YES;
				CLANG_WARN_ENUM_CONVERSION = YES;
				CLANG_WARN_INFINITE_RECURSION = YES;
				CLANG_WARN_INT_CONVERSION = YES;
				CLANG_WARN_NON_LITERAL_NULL_CONVERSION = YES;
				CLANG_WARN_OBJC_IMPLICIT_RETAIN_SELF = YES;
				CLANG_WARN_OBJC_LITERAL_CONVERSION = YES;
				CLANG_WARN_OBJC_ROOT_CLASS = YES_ERROR;
				CLANG_WARN_QUOTED_INCLUDE_IN_FRAMEWORK_HEADER = YES;
				CLANG_WARN_RANGE_LOOP_ANALYSIS = YES;
				CLANG_WARN_STRICT_PROTOTYPES = YES;
				CLANG_WARN_SUSPICIOUS_MOVE = YES;
				CLANG_WARN_UNGUARDED_AVAILABILITY = YES_AGGRESSIVE;
				CLANG_WARN_UNREACHABLE_CODE = YES;
				CLANG_WARN__DUPLICATE_METHOD_MATCH = YES;
				COPY_PHASE_STRIP = NO;
				DEBUG_INFORMATION_FORMAT = dwarf;
				ENABLE_STRICT_OBJC_MSGSEND = YES;
				ENABLE_TESTABILITY = YES;
				GCC_C_LANGUAGE_STANDARD = gnu11;
				GCC_DYNAMIC_NO_PIC = NO;
				GCC_NO_COMMON_BLOCKS = YES;
				GCC_OPTIMIZATION_LEVEL = 0;
				GCC_PREPROCESSOR_DEFINITIONS = (
					"DEBUG=1",
					"$(inherited)",
				);
				GCC_WARN_64_TO_32_BIT_CONVERSION = YES;
				GCC_WARN_ABOUT_RETURN_TYPE = YES_ERROR;
				GCC_WARN_UNDECLARED_SELECTOR = YES;
				GCC_WARN_UNINITIALIZED_AUTOS = YES_AGGRESSIVE;
				GCC_WARN_UNUSED_FUNCTION = YES;
				GCC_WARN_UNUSED_VARIABLE = YES;
				IPHONEOS_DEPLOYMENT_TARGET = 14.0;
				MTL_ENABLE_DEBUG_INFO = INCLUDE_SOURCE;
				MTL_FAST_MATH = YES;
				ONLY_ACTIVE_ARCH = YES;
				SDKROOT = iphoneos;
				SWIFT_ACTIVE_COMPILATION_CONDITIONS = DEBUG;
				SWIFT_OPTIMIZATION_LEVEL = "-Onone";
			};
			name = Debug;
		};
		D0B47A1229E6A40D002342BE /* Release */ = {
			isa = XCBuildConfiguration;
			buildSettings = {
				ALWAYS_SEARCH_USER_PATHS = NO;
				CLANG_ANALYZER_NONNULL = YES;
				CLANG_ANALYZER_NUMBER_OBJECT_CONVERSION = YES_AGGRESSIVE;
				CLANG_CXX_LANGUAGE_STANDARD = "gnu++20";
				CLANG_ENABLE_MODULES = YES;
				CLANG_ENABLE_OBJC_ARC = YES;
				CLANG_ENABLE_OBJC_WEAK = YES;
				CLANG_WARN_BLOCK_CAPTURE_AUTORELEASING = YES;
				CLANG_WARN_BOOL_CONVERSION = YES;
				CLANG_WARN_COMMA = YES;
				CLANG_WARN_CONSTANT_CONVERSION = YES;
				CLANG_WARN_DEPRECATED_OBJC_IMPLEMENTATIONS = YES;
				CLANG_WARN_DIRECT_OBJC_ISA_USAGE = YES_ERROR;
				CLANG_WARN_DOCUMENTATION_COMMENTS = YES;
				CLANG_WARN_EMPTY_BODY = YES;
				CLANG_WARN_ENUM_CONVERSION = YES;
				CLANG_WARN_INFINITE_RECURSION = YES;
				CLANG_WARN_INT_CONVERSION = YES;
				CLANG_WARN_NON_LITERAL_NULL_CONVERSION = YES;
				CLANG_WARN_OBJC_IMPLICIT_RETAIN_SELF = YES;
				CLANG_WARN_OBJC_LITERAL_CONVERSION = YES;
				CLANG_WARN_OBJC_ROOT_CLASS = YES_ERROR;
				CLANG_WARN_QUOTED_INCLUDE_IN_FRAMEWORK_HEADER = YES;
				CLANG_WARN_RANGE_LOOP_ANALYSIS = YES;
				CLANG_WARN_STRICT_PROTOTYPES = YES;
				CLANG_WARN_SUSPICIOUS_MOVE = YES;
				CLANG_WARN_UNGUARDED_AVAILABILITY = YES_AGGRESSIVE;
				CLANG_WARN_UNREACHABLE_CODE = YES;
				CLANG_WARN__DUPLICATE_METHOD_MATCH = YES;
				COPY_PHASE_STRIP = NO;
				DEBUG_INFORMATION_FORMAT = "dwarf-with-dsym";
				ENABLE_NS_ASSERTIONS = NO;
				ENABLE_STRICT_OBJC_MSGSEND = YES;
				GCC_C_LANGUAGE_STANDARD = gnu11;
				GCC_NO_COMMON_BLOCKS = YES;
				GCC_WARN_64_TO_32_BIT_CONVERSION = YES;
				GCC_WARN_ABOUT_RETURN_TYPE = YES_ERROR;
				GCC_WARN_UNDECLARED_SELECTOR = YES;
				GCC_WARN_UNINITIALIZED_AUTOS = YES_AGGRESSIVE;
				GCC_WARN_UNUSED_FUNCTION = YES;
				GCC_WARN_UNUSED_VARIABLE = YES;
				IPHONEOS_DEPLOYMENT_TARGET = 14.0;
				MTL_ENABLE_DEBUG_INFO = NO;
				MTL_FAST_MATH = YES;
				SDKROOT = iphoneos;
				SWIFT_COMPILATION_MODE = wholemodule;
				SWIFT_OPTIMIZATION_LEVEL = "-O";
				VALIDATE_PRODUCT = YES;
			};
			name = Release;
		};
		D0B47A1429E6A40D002342BE /* Debug */ = {
			isa = XCBuildConfiguration;
			buildSettings = {
				ASSETCATALOG_COMPILER_APPICON_NAME = AppIcon;
				ASSETCATALOG_COMPILER_GLOBAL_ACCENT_COLOR_NAME = AccentColor;
				CODE_SIGN_STYLE = Automatic;
				CURRENT_PROJECT_VERSION = 1;
				DEVELOPMENT_TEAM = 2S52Q5VDX5;
				GENERATE_INFOPLIST_FILE = YES;
				INFOPLIST_FILE = PhotosLibraryApp/SupportingFiles/Info.plist;
				INFOPLIST_KEY_UIApplicationSupportsIndirectInputEvents = YES;
				INFOPLIST_KEY_UILaunchStoryboardName = LaunchScreen;
				INFOPLIST_KEY_UISupportedInterfaceOrientations = UIInterfaceOrientationPortrait;
				INFOPLIST_KEY_UISupportedInterfaceOrientations_iPad = "UIInterfaceOrientationLandscapeLeft UIInterfaceOrientationLandscapeRight UIInterfaceOrientationPortrait UIInterfaceOrientationPortraitUpsideDown";
				IPHONEOS_DEPLOYMENT_TARGET = 14.0;
				LD_RUNPATH_SEARCH_PATHS = (
					"$(inherited)",
					"@executable_path/Frameworks",
				);
				MARKETING_VERSION = 1.0;
				PRODUCT_BUNDLE_IDENTIFIER = com.a.pride.PhotosLibraryApp;
				PRODUCT_NAME = "$(TARGET_NAME)";
				SUPPORTED_PLATFORMS = "iphoneos iphonesimulator";
				SUPPORTS_MACCATALYST = NO;
				SUPPORTS_MAC_DESIGNED_FOR_IPHONE_IPAD = NO;
				SWIFT_EMIT_LOC_STRINGS = YES;
				SWIFT_VERSION = 5.0;
				TARGETED_DEVICE_FAMILY = 1;
			};
			name = Debug;
		};
		D0B47A1529E6A40D002342BE /* Release */ = {
			isa = XCBuildConfiguration;
			buildSettings = {
				ASSETCATALOG_COMPILER_APPICON_NAME = AppIcon;
				ASSETCATALOG_COMPILER_GLOBAL_ACCENT_COLOR_NAME = AccentColor;
				CODE_SIGN_STYLE = Automatic;
				CURRENT_PROJECT_VERSION = 1;
				DEVELOPMENT_TEAM = 2S52Q5VDX5;
				GENERATE_INFOPLIST_FILE = YES;
				INFOPLIST_FILE = PhotosLibraryApp/SupportingFiles/Info.plist;
				INFOPLIST_KEY_UIApplicationSupportsIndirectInputEvents = YES;
				INFOPLIST_KEY_UILaunchStoryboardName = LaunchScreen;
				INFOPLIST_KEY_UISupportedInterfaceOrientations = UIInterfaceOrientationPortrait;
				INFOPLIST_KEY_UISupportedInterfaceOrientations_iPad = "UIInterfaceOrientationLandscapeLeft UIInterfaceOrientationLandscapeRight UIInterfaceOrientationPortrait UIInterfaceOrientationPortraitUpsideDown";
				IPHONEOS_DEPLOYMENT_TARGET = 14.0;
				LD_RUNPATH_SEARCH_PATHS = (
					"$(inherited)",
					"@executable_path/Frameworks",
				);
				MARKETING_VERSION = 1.0;
				PRODUCT_BUNDLE_IDENTIFIER = com.a.pride.PhotosLibraryApp;
				PRODUCT_NAME = "$(TARGET_NAME)";
				SUPPORTED_PLATFORMS = "iphoneos iphonesimulator";
				SUPPORTS_MACCATALYST = NO;
				SUPPORTS_MAC_DESIGNED_FOR_IPHONE_IPAD = NO;
				SWIFT_EMIT_LOC_STRINGS = YES;
				SWIFT_VERSION = 5.0;
				TARGETED_DEVICE_FAMILY = 1;
			};
			name = Release;
		};
/* End XCBuildConfiguration section */

/* Begin XCConfigurationList section */
		D0B479FA29E6A409002342BE /* Build configuration list for PBXProject "PhotosLibraryApp" */ = {
			isa = XCConfigurationList;
			buildConfigurations = (
				D0B47A1129E6A40D002342BE /* Debug */,
				D0B47A1229E6A40D002342BE /* Release */,
			);
			defaultConfigurationIsVisible = 0;
			defaultConfigurationName = Release;
		};
		D0B47A1329E6A40D002342BE /* Build configuration list for PBXNativeTarget "PhotosLibraryApp" */ = {
			isa = XCConfigurationList;
			buildConfigurations = (
				D0B47A1429E6A40D002342BE /* Debug */,
				D0B47A1529E6A40D002342BE /* Release */,
			);
			defaultConfigurationIsVisible = 0;
			defaultConfigurationName = Release;
		};
/* End XCConfigurationList section */

/* Begin XCRemoteSwiftPackageReference section */
		D0261E9E29EEB215004DA46D /* XCRemoteSwiftPackageReference "SDWebImage" */ = {
			isa = XCRemoteSwiftPackageReference;
			repositoryURL = "https://github.com/SDWebImage/SDWebImage.git";
			requirement = {
				branch = master;
				kind = branch;
			};
		};
/* End XCRemoteSwiftPackageReference section */

/* Begin XCSwiftPackageProductDependency section */
		D0261E9F29EEB215004DA46D /* SDWebImage */ = {
			isa = XCSwiftPackageProductDependency;
			package = D0261E9E29EEB215004DA46D /* XCRemoteSwiftPackageReference "SDWebImage" */;
			productName = SDWebImage;
		};
/* End XCSwiftPackageProductDependency section */
	};
	rootObject = D0B479F729E6A409002342BE /* Project object */;
}
